
Microsoft Visual Studio Solution File, Format Version 12.00
# Visual Studio 15
VisualStudioVersion = 15.0.28010.2036
MinimumVisualStudioVersion = 10.0.40219.1
Project("{9A19103F-16F7-4668-BE54-9A1E7A4F7556}") = "DndApi", "dndapi\DndApi.csproj", "{B8E3B625-4280-417E-AF28-C030F80C9A93}"
EndProject
Project("{9A19103F-16F7-4668-BE54-9A1E7A4F7556}") = "Database", "Database\Database.csproj", "{104C8E06-22F5-4590-BFA7-8D4938081748}"
EndProject
Project("{9A19103F-16F7-4668-BE54-9A1E7A4F7556}") = "Models", "Models\Models.csproj", "{5E694650-06B8-4BB1-8457-8E0BB639087E}"
EndProject
Project("{9A19103F-16F7-4668-BE54-9A1E7A4F7556}") = "Repository", "Repository\Repository.csproj", "{E1553BFB-E88F-433A-9514-EDA4DC790FF0}"
EndProject
Project("{9A19103F-16F7-4668-BE54-9A1E7A4F7556}") = "Logic", "Logic\Logic.csproj", "{171A380F-B4F8-4F48-86C4-B9FFB6599469}"
EndProject
Project("{9A19103F-16F7-4668-BE54-9A1E7A4F7556}") = "Logic.Test", "Logic.Test\Logic.Test.csproj", "{24F91B0C-937D-4F99-A357-053BC7FAA190}"
EndProject
Project("{FAE04EC0-301F-11D3-BF4B-00C04F79EFBC}") = "IntegrationTest", "IntegrationTest\IntegrationTest.csproj", "{B5DB618A-A501-439D-8C25-E344528C670D}"
EndProject
Global
	GlobalSection(SolutionConfigurationPlatforms) = preSolution
		Debug|Any CPU = Debug|Any CPU
		Release|Any CPU = Release|Any CPU
	EndGlobalSection
	GlobalSection(ProjectConfigurationPlatforms) = postSolution
		{B8E3B625-4280-417E-AF28-C030F80C9A93}.Debug|Any CPU.ActiveCfg = Debug|Any CPU
		{B8E3B625-4280-417E-AF28-C030F80C9A93}.Debug|Any CPU.Build.0 = Debug|Any CPU
		{B8E3B625-4280-417E-AF28-C030F80C9A93}.Release|Any CPU.ActiveCfg = Release|Any CPU
		{B8E3B625-4280-417E-AF28-C030F80C9A93}.Release|Any CPU.Build.0 = Release|Any CPU
		{104C8E06-22F5-4590-BFA7-8D4938081748}.Debug|Any CPU.ActiveCfg = Debug|Any CPU
		{104C8E06-22F5-4590-BFA7-8D4938081748}.Debug|Any CPU.Build.0 = Debug|Any CPU
		{104C8E06-22F5-4590-BFA7-8D4938081748}.Release|Any CPU.ActiveCfg = Release|Any CPU
		{104C8E06-22F5-4590-BFA7-8D4938081748}.Release|Any CPU.Build.0 = Release|Any CPU
		{5E694650-06B8-4BB1-8457-8E0BB639087E}.Debug|Any CPU.ActiveCfg = Debug|Any CPU
		{5E694650-06B8-4BB1-8457-8E0BB639087E}.Debug|Any CPU.Build.0 = Debug|Any CPU
		{5E694650-06B8-4BB1-8457-8E0BB639087E}.Release|Any CPU.ActiveCfg = Release|Any CPU
		{5E694650-06B8-4BB1-8457-8E0BB639087E}.Release|Any CPU.Build.0 = Release|Any CPU
		{E1553BFB-E88F-433A-9514-EDA4DC790FF0}.Debug|Any CPU.ActiveCfg = Debug|Any CPU
		{E1553BFB-E88F-433A-9514-EDA4DC790FF0}.Debug|Any CPU.Build.0 = Debug|Any CPU
		{E1553BFB-E88F-433A-9514-EDA4DC790FF0}.Release|Any CPU.ActiveCfg = Release|Any CPU
		{E1553BFB-E88F-433A-9514-EDA4DC790FF0}.Release|Any CPU.Build.0 = Release|Any CPU
		{171A380F-B4F8-4F48-86C4-B9FFB6599469}.Debug|Any CPU.ActiveCfg = Debug|Any CPU
		{171A380F-B4F8-4F48-86C4-B9FFB6599469}.Debug|Any CPU.Build.0 = Debug|Any CPU
		{171A380F-B4F8-4F48-86C4-B9FFB6599469}.Release|Any CPU.ActiveCfg = Release|Any CPU
		{171A380F-B4F8-4F48-86C4-B9FFB6599469}.Release|Any CPU.Build.0 = Release|Any CPU
		{24F91B0C-937D-4F99-A357-053BC7FAA190}.Debug|Any CPU.ActiveCfg = Debug|Any CPU
		{24F91B0C-937D-4F99-A357-053BC7FAA190}.Debug|Any CPU.Build.0 = Debug|Any CPU
		{24F91B0C-937D-4F99-A357-053BC7FAA190}.Release|Any CPU.ActiveCfg = Release|Any CPU
		{24F91B0C-937D-4F99-A357-053BC7FAA190}.Release|Any CPU.Build.0 = Release|Any CPU
		{B5DB618A-A501-439D-8C25-E344528C670D}.Debug|Any CPU.ActiveCfg = Debug|Any CPU
		{B5DB618A-A501-439D-8C25-E344528C670D}.Debug|Any CPU.Build.0 = Debug|Any CPU
		{B5DB618A-A501-439D-8C25-E344528C670D}.Release|Any CPU.ActiveCfg = Release|Any CPU
		{B5DB618A-A501-439D-8C25-E344528C670D}.Release|Any CPU.Build.0 = Release|Any CPU
	EndGlobalSection
	GlobalSection(SolutionProperties) = preSolution
		HideSolutionNode = FALSE
	EndGlobalSection
	GlobalSection(ExtensibilityGlobals) = postSolution
		SolutionGuid = {495AE58A-9D7C-4344-A0B5-CD62546E83C7}
	EndGlobalSection
EndGlobal
