
Microsoft Visual Studio Solution File, Format Version 12.00
# Visual Studio 15
VisualStudioVersion = 15.0.28307.168
MinimumVisualStudioVersion = 10.0.40219.1
Project("{9A19103F-16F7-4668-BE54-9A1E7A4F7556}") = "Domain", "Domain\Domain.csproj", "{59FFF8C7-FE0C-49D4-B371-5D5591BF6D84}"
EndProject
Project("{9A19103F-16F7-4668-BE54-9A1E7A4F7556}") = "Domain.Test", "Domain.Test\Domain.Test.csproj", "{DE6538DE-6A37-4EE5-A086-43B8F6132FA5}"
EndProject
Project("{9A19103F-16F7-4668-BE54-9A1E7A4F7556}") = "DataAccess", "DataAccess\DataAccess.csproj", "{2DF4BBB4-1F68-4E46-BF74-42A651AC86F9}"
EndProject
Project("{9A19103F-16F7-4668-BE54-9A1E7A4F7556}") = "DataAccess.Test", "DataAccess.Test\DataAccess.Test.csproj", "{35FBBA81-7FB9-4AA8-BE21-ED6B0CD1C62F}"
EndProject
Project("{9A19103F-16F7-4668-BE54-9A1E7A4F7556}") = "RestApi", "RestApi\RestApi.csproj", "{601A3F19-53AA-425E-8574-6A4AC51A7B7D}"
EndProject
Project("{9A19103F-16F7-4668-BE54-9A1E7A4F7556}") = "Service", "Service\Service.csproj", "{C00EC3A6-5FE5-4D25-85ED-BD7C2CF6B445}"
EndProject
Project("{9A19103F-16F7-4668-BE54-9A1E7A4F7556}") = "Service.Test", "Service.Test\Service.Test.csproj", "{62499998-597D-4064-B177-FA5C67BAAAE7}"
EndProject
Project("{9A19103F-16F7-4668-BE54-9A1E7A4F7556}") = "RestApi.Test", "RestApi.Test\RestApi.Test.csproj", "{EA0B7591-41DE-4134-B353-A00E9C5D0BCD}"
EndProject
Project("{9A19103F-16F7-4668-BE54-9A1E7A4F7556}") = "DependencyResolver", "DependencyResolver\DependencyResolver.csproj", "{0C980006-57BF-4E15-A2AB-92BB70B4A84C}"
EndProject
Project("{FAE04EC0-301F-11D3-BF4B-00C04F79EFBC}") = "DependencyResolver.Test", "DependencyResolver.Test\DependencyResolver.Test.csproj", "{8717A227-1663-49DC-BFCC-22899A314233}"
EndProject
Global
	GlobalSection(SolutionConfigurationPlatforms) = preSolution
		Debug|Any CPU = Debug|Any CPU
		Release|Any CPU = Release|Any CPU
	EndGlobalSection
	GlobalSection(ProjectConfigurationPlatforms) = postSolution
		{59FFF8C7-FE0C-49D4-B371-5D5591BF6D84}.Debug|Any CPU.ActiveCfg = Debug|Any CPU
		{59FFF8C7-FE0C-49D4-B371-5D5591BF6D84}.Debug|Any CPU.Build.0 = Debug|Any CPU
		{59FFF8C7-FE0C-49D4-B371-5D5591BF6D84}.Release|Any CPU.ActiveCfg = Release|Any CPU
		{59FFF8C7-FE0C-49D4-B371-5D5591BF6D84}.Release|Any CPU.Build.0 = Release|Any CPU
		{DE6538DE-6A37-4EE5-A086-43B8F6132FA5}.Debug|Any CPU.ActiveCfg = Debug|Any CPU
		{DE6538DE-6A37-4EE5-A086-43B8F6132FA5}.Debug|Any CPU.Build.0 = Debug|Any CPU
		{DE6538DE-6A37-4EE5-A086-43B8F6132FA5}.Release|Any CPU.ActiveCfg = Release|Any CPU
		{DE6538DE-6A37-4EE5-A086-43B8F6132FA5}.Release|Any CPU.Build.0 = Release|Any CPU
		{2DF4BBB4-1F68-4E46-BF74-42A651AC86F9}.Debug|Any CPU.ActiveCfg = Debug|Any CPU
		{2DF4BBB4-1F68-4E46-BF74-42A651AC86F9}.Debug|Any CPU.Build.0 = Debug|Any CPU
		{2DF4BBB4-1F68-4E46-BF74-42A651AC86F9}.Release|Any CPU.ActiveCfg = Release|Any CPU
		{2DF4BBB4-1F68-4E46-BF74-42A651AC86F9}.Release|Any CPU.Build.0 = Release|Any CPU
		{35FBBA81-7FB9-4AA8-BE21-ED6B0CD1C62F}.Debug|Any CPU.ActiveCfg = Debug|Any CPU
		{35FBBA81-7FB9-4AA8-BE21-ED6B0CD1C62F}.Debug|Any CPU.Build.0 = Debug|Any CPU
		{35FBBA81-7FB9-4AA8-BE21-ED6B0CD1C62F}.Release|Any CPU.ActiveCfg = Release|Any CPU
		{35FBBA81-7FB9-4AA8-BE21-ED6B0CD1C62F}.Release|Any CPU.Build.0 = Release|Any CPU
		{601A3F19-53AA-425E-8574-6A4AC51A7B7D}.Debug|Any CPU.ActiveCfg = Debug|Any CPU
		{601A3F19-53AA-425E-8574-6A4AC51A7B7D}.Debug|Any CPU.Build.0 = Debug|Any CPU
		{601A3F19-53AA-425E-8574-6A4AC51A7B7D}.Release|Any CPU.ActiveCfg = Release|Any CPU
		{601A3F19-53AA-425E-8574-6A4AC51A7B7D}.Release|Any CPU.Build.0 = Release|Any CPU
		{C00EC3A6-5FE5-4D25-85ED-BD7C2CF6B445}.Debug|Any CPU.ActiveCfg = Debug|Any CPU
		{C00EC3A6-5FE5-4D25-85ED-BD7C2CF6B445}.Debug|Any CPU.Build.0 = Debug|Any CPU
		{C00EC3A6-5FE5-4D25-85ED-BD7C2CF6B445}.Release|Any CPU.ActiveCfg = Release|Any CPU
		{C00EC3A6-5FE5-4D25-85ED-BD7C2CF6B445}.Release|Any CPU.Build.0 = Release|Any CPU
		{62499998-597D-4064-B177-FA5C67BAAAE7}.Debug|Any CPU.ActiveCfg = Debug|Any CPU
		{62499998-597D-4064-B177-FA5C67BAAAE7}.Debug|Any CPU.Build.0 = Debug|Any CPU
		{62499998-597D-4064-B177-FA5C67BAAAE7}.Release|Any CPU.ActiveCfg = Release|Any CPU
		{62499998-597D-4064-B177-FA5C67BAAAE7}.Release|Any CPU.Build.0 = Release|Any CPU
		{EA0B7591-41DE-4134-B353-A00E9C5D0BCD}.Debug|Any CPU.ActiveCfg = Debug|Any CPU
		{EA0B7591-41DE-4134-B353-A00E9C5D0BCD}.Debug|Any CPU.Build.0 = Debug|Any CPU
		{EA0B7591-41DE-4134-B353-A00E9C5D0BCD}.Release|Any CPU.ActiveCfg = Release|Any CPU
		{EA0B7591-41DE-4134-B353-A00E9C5D0BCD}.Release|Any CPU.Build.0 = Release|Any CPU
		{0C980006-57BF-4E15-A2AB-92BB70B4A84C}.Debug|Any CPU.ActiveCfg = Debug|Any CPU
		{0C980006-57BF-4E15-A2AB-92BB70B4A84C}.Debug|Any CPU.Build.0 = Debug|Any CPU
		{0C980006-57BF-4E15-A2AB-92BB70B4A84C}.Release|Any CPU.ActiveCfg = Release|Any CPU
		{0C980006-57BF-4E15-A2AB-92BB70B4A84C}.Release|Any CPU.Build.0 = Release|Any CPU
		{8717A227-1663-49DC-BFCC-22899A314233}.Debug|Any CPU.ActiveCfg = Debug|Any CPU
		{8717A227-1663-49DC-BFCC-22899A314233}.Debug|Any CPU.Build.0 = Debug|Any CPU
		{8717A227-1663-49DC-BFCC-22899A314233}.Release|Any CPU.ActiveCfg = Release|Any CPU
		{8717A227-1663-49DC-BFCC-22899A314233}.Release|Any CPU.Build.0 = Release|Any CPU
	EndGlobalSection
	GlobalSection(SolutionProperties) = preSolution
		HideSolutionNode = FALSE
	EndGlobalSection
	GlobalSection(ExtensibilityGlobals) = postSolution
		SolutionGuid = {E55E7C78-3C2C-4BC3-BE20-0DB44E821894}
	EndGlobalSection
EndGlobal
